{
	"name": "library-ui5-tooling-multiple-testsuites",
	"version": "1.0.0",
	"lockfileVersion": 1,
	"requires": true,
	"dependencies": {
		"@openui5/sap.ui.core": {
			"version": "1.69.1",
			"resolved": "https://registry.npmjs.org/@openui5/sap.ui.core/-/sap.ui.core-1.69.1.tgz",
			"integrity": "sha512-1p2EEob1RdV42hYO/R4iVrUZwqUks0f5EIao02YGycTeIJyhpvjxkW1LfUZ01hDek/P+XecYvU7ycejJ2XphqQ=="
		}
	}
}
